
Microsoft Visual Studio Solution File, Format Version 12.00
# Visual Studio Version 16
VisualStudioVersion = 16.0.30717.126
MinimumVisualStudioVersion = 10.0.40219.1
Project("{8BC9CEB8-8B4A-11D0-8D11-00A0C91BC942}") = "CS303-Project1", "CS303-Project1.vcxproj", "{E994506E-8806-4CA1-AC72-8D46093BFD1F}"
EndProject
Global
	GlobalSection(SolutionConfigurationPlatforms) = preSolution
		Debug|x64 = Debug|x64
		Debug|x86 = Debug|x86
		Release|x64 = Release|x64
		Release|x86 = Release|x86
	EndGlobalSection
	GlobalSection(ProjectConfigurationPlatforms) = postSolution
		{E994506E-8806-4CA1-AC72-8D46093BFD1F}.Debug|x64.ActiveCfg = Debug|x64
		{E994506E-8806-4CA1-AC72-8D46093BFD1F}.Debug|x64.Build.0 = Debug|x64
		{E994506E-8806-4CA1-AC72-8D46093BFD1F}.Debug|x86.ActiveCfg = Debug|Win32
		{E994506E-8806-4CA1-AC72-8D46093BFD1F}.Debug|x86.Build.0 = Debug|Win32
		{E994506E-8806-4CA1-AC72-8D46093BFD1F}.Release|x64.ActiveCfg = Release|x64
		{E994506E-8806-4CA1-AC72-8D46093BFD1F}.Release|x64.Build.0 = Release|x64
		{E994506E-8806-4CA1-AC72-8D46093BFD1F}.Release|x86.ActiveCfg = Release|Win32
		{E994506E-8806-4CA1-AC72-8D46093BFD1F}.Release|x86.Build.0 = Release|Win32
	EndGlobalSection
	GlobalSection(SolutionProperties) = preSolution
		HideSolutionNode = FALSE
	EndGlobalSection
	GlobalSection(ExtensibilityGlobals) = postSolution
		SolutionGuid = {2BA08DA1-5C8C-4863-AC15-1BD00B1A58DA}
	EndGlobalSection
EndGlobal
